
Microsoft Visual Studio Solution File, Format Version 12.00
# Visual Studio Version 17
VisualStudioVersion = 17.4.33213.308
MinimumVisualStudioVersion = 10.0.40219.1
Project("{FAE04EC0-301F-11D3-BF4B-00C04F79EFBC}") = "TodoMVC", "TodoMVC\TodoMVC.csproj", "{4C4FD484-314C-4A26-8D49-012C78AD54B0}"
EndProject
Global
	GlobalSection(SolutionConfigurationPlatforms) = preSolution
		Debug|Any CPU = Debug|Any CPU
		Release|Any CPU = Release|Any CPU
	EndGlobalSection
	GlobalSection(ProjectConfigurationPlatforms) = postSolution
		{4C4FD484-314C-4A26-8D49-012C78AD54B0}.Debug|Any CPU.ActiveCfg = Debug|Any CPU
		{4C4FD484-314C-4A26-8D49-012C78AD54B0}.Debug|Any CPU.Build.0 = Debug|Any CPU
		{4C4FD484-314C-4A26-8D49-012C78AD54B0}.Release|Any CPU.ActiveCfg = Release|Any CPU
		{4C4FD484-314C-4A26-8D49-012C78AD54B0}.Release|Any CPU.Build.0 = Release|Any CPU
	EndGlobalSection
	GlobalSection(SolutionProperties) = preSolution
		HideSolutionNode = FALSE
	EndGlobalSection
	GlobalSection(ExtensibilityGlobals) = postSolution
		SolutionGuid = {9AA17A4C-CBA3-417F-A79E-BB303398E91D}
	EndGlobalSection
EndGlobal
